
Microsoft Visual Studio Solution File, Format Version 12.00
# Visual Studio Version 16
VisualStudioVersion = 16.0.30104.148
MinimumVisualStudioVersion = 10.0.40219.1
Project("{FAE04EC0-301F-11D3-BF4B-00C04F79EFBC}") = "Sep6", "Sep6\Sep6.csproj", "{3233432D-8B01-42F4-9E5D-DA37766A4D5E}"
EndProject
Global
	GlobalSection(SolutionConfigurationPlatforms) = preSolution
		Debug|Any CPU = Debug|Any CPU
		Release|Any CPU = Release|Any CPU
	EndGlobalSection
	GlobalSection(ProjectConfigurationPlatforms) = postSolution
		{3233432D-8B01-42F4-9E5D-DA37766A4D5E}.Debug|Any CPU.ActiveCfg = Debug|Any CPU
		{3233432D-8B01-42F4-9E5D-DA37766A4D5E}.Debug|Any CPU.Build.0 = Debug|Any CPU
		{3233432D-8B01-42F4-9E5D-DA37766A4D5E}.Release|Any CPU.ActiveCfg = Release|Any CPU
		{3233432D-8B01-42F4-9E5D-DA37766A4D5E}.Release|Any CPU.Build.0 = Release|Any CPU
	EndGlobalSection
	GlobalSection(SolutionProperties) = preSolution
		HideSolutionNode = FALSE
	EndGlobalSection
	GlobalSection(ExtensibilityGlobals) = postSolution
		SolutionGuid = {3B94F8AE-7EA8-463A-87CA-ED4885AD1F10}
	EndGlobalSection
EndGlobal
